
Microsoft Visual Studio Solution File, Format Version 12.00
# Visual Studio 15
VisualStudioVersion = 15.0.27703.2047
MinimumVisualStudioVersion = 10.0.40219.1
Project("{8BC9CEB8-8B4A-11D0-8D11-00A0C91BC942}") = "Project1", "Project1\Project1.vcxproj", "{10B11B0A-807B-43C1-A3B4-3312C2F13316}"
EndProject
Global
	GlobalSection(SolutionConfigurationPlatforms) = preSolution
		Debug|x64 = Debug|x64
		Debug|x86 = Debug|x86
		Release|x64 = Release|x64
		Release|x86 = Release|x86
	EndGlobalSection
	GlobalSection(ProjectConfigurationPlatforms) = postSolution
		{10B11B0A-807B-43C1-A3B4-3312C2F13316}.Debug|x64.ActiveCfg = Debug|x64
		{10B11B0A-807B-43C1-A3B4-3312C2F13316}.Debug|x64.Build.0 = Debug|x64
		{10B11B0A-807B-43C1-A3B4-3312C2F13316}.Debug|x86.ActiveCfg = Debug|Win32
		{10B11B0A-807B-43C1-A3B4-3312C2F13316}.Debug|x86.Build.0 = Debug|Win32
		{10B11B0A-807B-43C1-A3B4-3312C2F13316}.Release|x64.ActiveCfg = Release|x64
		{10B11B0A-807B-43C1-A3B4-3312C2F13316}.Release|x64.Build.0 = Release|x64
		{10B11B0A-807B-43C1-A3B4-3312C2F13316}.Release|x86.ActiveCfg = Release|Win32
		{10B11B0A-807B-43C1-A3B4-3312C2F13316}.Release|x86.Build.0 = Release|Win32
	EndGlobalSection
	GlobalSection(SolutionProperties) = preSolution
		HideSolutionNode = FALSE
	EndGlobalSection
	GlobalSection(ExtensibilityGlobals) = postSolution
		SolutionGuid = {A0F24E96-DDB2-4435-8EC2-761333C1E09A}
	EndGlobalSection
EndGlobal
